# THIS IS AN AUTOGENERATED FILE. DO NOT EDIT THIS FILE DIRECTLY.
# yarn lockfile v1


"@hookform/resolvers@^5.1.1":
  version "5.1.1"
  resolved "https://registry.yarnpkg.com/@hookform/resolvers/-/resolvers-5.1.1.tgz#91074ba4fb749cc74e6465e75d38256146b0c4ab"
  integrity sha512-J/NVING3LMAEvexJkyTLjruSm7aOFx7QX21pzkiJfMoNG0wl5aFEjLTl7ay7IQb9EWY6AkrBy7tHL2Alijpdcg==
  dependencies:
    "@standard-schema/utils" "^0.3.0"

"@standard-schema/utils@^0.3.0":
  version "0.3.0"
  resolved "https://registry.yarnpkg.com/@standard-schema/utils/-/utils-0.3.0.tgz#3d5e608f16c2390c10528e98e59aef6bf73cae7b"
  integrity sha512-e7Mew686owMaPJVNNLs55PUvgz371nKgwsc4vxE49zsODpJEnxgxRo2y/OKrqueavXgZNMDVj3DdHFlaSAeU8g==

lucide-react@^0.525.0:
  version "0.525.0"
  resolved "https://registry.yarnpkg.com/lucide-react/-/lucide-react-0.525.0.tgz#5f7bcecd65e4f9b2b5b6b5d295e3376df032d5e3"
  integrity sha512-Tm1txJ2OkymCGkvwoHt33Y2JpN5xucVq1slHcgE6Lk0WjDfjgKWor5CdVER8U6DvcfMwh4M8XxmpTiyzfmfDYQ==

react-hook-form@^7.60.0:
  version "7.60.0"
  resolved "https://registry.yarnpkg.com/react-hook-form/-/react-hook-form-7.60.0.tgz#cc4bfa2952d602fc8f1dcf2d4929fcb6d9cdc782"
  integrity sha512-SBrYOvMbDB7cV8ZfNpaiLcgjH/a1c7aK0lK+aNigpf4xWLO8q+o4tcvVurv3c4EOyzn/3dCsYt4GKD42VvJ/+A==

zod@^4.0.5:
  version "4.0.5"
  resolved "https://registry.yarnpkg.com/zod/-/zod-4.0.5.tgz#b47825f318e7884d94bcd6f5385a1de805ccfb1c"
  integrity sha512-/5UuuRPStvHXu7RS+gmvRf4NXrNxpSllGwDnCBcJZtQsKrviYXm54yDGV2KYNLT5kq0lHGcl7lqWJLgSaG+tgA==
